github.com/AntonyChR/go-utils v0.6.0 h1:Me7zwe1nJFX/ex9jXpgU59e+YQ11BY1sxUMxAXpMoW4=
github.com/AntonyChR/go-utils v0.6.0/go.mod h1:wD+UUfSQJUa8/YVK9Hel37rhLNRREpd12UuxusK4Xeg=
github.com/google/uuid v1.6.0 h1:NIvaJDMOsjHA8n1jAhLSgzrAzy1Hgr+hNrb57e+94F0=
github.com/google/uuid v1.6.0/go.mod h1:TIyPZe4MgqvfeYDBFedMoGGpEw/LqOeaOT+nhxU+yHo=
